
Microsoft Visual Studio Solution File, Format Version 12.00
# Visual Studio Version 17
VisualStudioVersion = 17.11.35312.102
MinimumVisualStudioVersion = 10.0.40219.1
Project("{FAE04EC0-301F-11D3-BF4B-00C04F79EFBC}") = "NoteAppUI", "NoteAppUI\NoteAppUI.csproj", "{065DE7BB-26F2-4A5A-B9A7-9F51393F7D27}"
EndProject
Global
	GlobalSection(SolutionConfigurationPlatforms) = preSolution
		Debug|Any CPU = Debug|Any CPU
		Release|Any CPU = Release|Any CPU
	EndGlobalSection
	GlobalSection(ProjectConfigurationPlatforms) = postSolution
		{065DE7BB-26F2-4A5A-B9A7-9F51393F7D27}.Debug|Any CPU.ActiveCfg = Debug|Any CPU
		{065DE7BB-26F2-4A5A-B9A7-9F51393F7D27}.Debug|Any CPU.Build.0 = Debug|Any CPU
		{065DE7BB-26F2-4A5A-B9A7-9F51393F7D27}.Release|Any CPU.ActiveCfg = Release|Any CPU
		{065DE7BB-26F2-4A5A-B9A7-9F51393F7D27}.Release|Any CPU.Build.0 = Release|Any CPU
	EndGlobalSection
	GlobalSection(SolutionProperties) = preSolution
		HideSolutionNode = FALSE
	EndGlobalSection
	GlobalSection(ExtensibilityGlobals) = postSolution
		SolutionGuid = {F07CD6AD-FC3F-4FF4-8D71-3F153BE6E56B}
	EndGlobalSection
EndGlobal
